
Microsoft Visual Studio Solution File, Format Version 12.00
# Visual Studio Version 16
VisualStudioVersion = 16.0.31205.134
MinimumVisualStudioVersion = 10.0.40219.1
Project("{FAE04EC0-301F-11D3-BF4B-00C04F79EFBC}") = "TurboChargeContentBlocks", "TurboChargeContentBlocks\TurboChargeContentBlocks.csproj", "{3E4E514F-2376-4009-9FF4-535107023565}"
EndProject
Global
	GlobalSection(SolutionConfigurationPlatforms) = preSolution
		Debug|Any CPU = Debug|Any CPU
		Release|Any CPU = Release|Any CPU
	EndGlobalSection
	GlobalSection(ProjectConfigurationPlatforms) = postSolution
		{3E4E514F-2376-4009-9FF4-535107023565}.Debug|Any CPU.ActiveCfg = Debug|Any CPU
		{3E4E514F-2376-4009-9FF4-535107023565}.Debug|Any CPU.Build.0 = Debug|Any CPU
		{3E4E514F-2376-4009-9FF4-535107023565}.Release|Any CPU.ActiveCfg = Release|Any CPU
		{3E4E514F-2376-4009-9FF4-535107023565}.Release|Any CPU.Build.0 = Release|Any CPU
	EndGlobalSection
	GlobalSection(SolutionProperties) = preSolution
		HideSolutionNode = FALSE
	EndGlobalSection
	GlobalSection(ExtensibilityGlobals) = postSolution
		SolutionGuid = {85BF82A4-033F-48DB-83D7-6FAD7B7E4630}
	EndGlobalSection
EndGlobal
